
Microsoft Visual Studio Solution File, Format Version 12.00
# Visual Studio Version 17
VisualStudioVersion = 17.13.35919.96
MinimumVisualStudioVersion = 10.0.40219.1
Project("{54A90642-561A-4BB1-A94E-469ADEE60C69}") = "srm.client", "srm.client\srm.client.esproj", "{0759C3B9-2457-E93A-C00C-708CBA943016}"
EndProject
Project("{FAE04EC0-301F-11D3-BF4B-00C04F79EFBC}") = "SRM.Server", "SRM.Server\SRM.Server.csproj", "{EE763B5C-827C-4371-BA0D-2C3CC062AEAD}"
EndProject
Project("{FAE04EC0-301F-11D3-BF4B-00C04F79EFBC}") = "SRM.Data", "SRM.Data\SRM.Data.csproj", "{E24CBA56-62E7-4CF6-B73A-DEB6ADC486AC}"
EndProject
Project("{FAE04EC0-301F-11D3-BF4B-00C04F79EFBC}") = "SRM.Domain", "SRM.Domain\SRM.Domain.csproj", "{17D3A08C-3BE7-4EC7-A63F-78A8CA670396}"
EndProject
Project("{FAE04EC0-301F-11D3-BF4B-00C04F79EFBC}") = "SRM.Business", "SRM.Business\SRM.Business.csproj", "{A7C43A61-133D-40E5-8CEA-884E22E175F6}"
EndProject
Project("{FAE04EC0-301F-11D3-BF4B-00C04F79EFBC}") = "SRM.Utils", "SRM.Utils\SRM.Utils.csproj", "{4C6322E8-0896-40B4-9E8F-4F110671FADA}"
EndProject
Global
	GlobalSection(SolutionConfigurationPlatforms) = preSolution
		Debug|Any CPU = Debug|Any CPU
		Release|Any CPU = Release|Any CPU
	EndGlobalSection
	GlobalSection(ProjectConfigurationPlatforms) = postSolution
		{0759C3B9-2457-E93A-C00C-708CBA943016}.Debug|Any CPU.ActiveCfg = Debug|Any CPU
		{0759C3B9-2457-E93A-C00C-708CBA943016}.Debug|Any CPU.Build.0 = Debug|Any CPU
		{0759C3B9-2457-E93A-C00C-708CBA943016}.Debug|Any CPU.Deploy.0 = Debug|Any CPU
		{0759C3B9-2457-E93A-C00C-708CBA943016}.Release|Any CPU.ActiveCfg = Release|Any CPU
		{0759C3B9-2457-E93A-C00C-708CBA943016}.Release|Any CPU.Build.0 = Release|Any CPU
		{0759C3B9-2457-E93A-C00C-708CBA943016}.Release|Any CPU.Deploy.0 = Release|Any CPU
		{EE763B5C-827C-4371-BA0D-2C3CC062AEAD}.Debug|Any CPU.ActiveCfg = Debug|Any CPU
		{EE763B5C-827C-4371-BA0D-2C3CC062AEAD}.Debug|Any CPU.Build.0 = Debug|Any CPU
		{EE763B5C-827C-4371-BA0D-2C3CC062AEAD}.Release|Any CPU.ActiveCfg = Release|Any CPU
		{EE763B5C-827C-4371-BA0D-2C3CC062AEAD}.Release|Any CPU.Build.0 = Release|Any CPU
		{E24CBA56-62E7-4CF6-B73A-DEB6ADC486AC}.Debug|Any CPU.ActiveCfg = Debug|Any CPU
		{E24CBA56-62E7-4CF6-B73A-DEB6ADC486AC}.Debug|Any CPU.Build.0 = Debug|Any CPU
		{E24CBA56-62E7-4CF6-B73A-DEB6ADC486AC}.Release|Any CPU.ActiveCfg = Release|Any CPU
		{E24CBA56-62E7-4CF6-B73A-DEB6ADC486AC}.Release|Any CPU.Build.0 = Release|Any CPU
		{17D3A08C-3BE7-4EC7-A63F-78A8CA670396}.Debug|Any CPU.ActiveCfg = Debug|Any CPU
		{17D3A08C-3BE7-4EC7-A63F-78A8CA670396}.Debug|Any CPU.Build.0 = Debug|Any CPU
		{17D3A08C-3BE7-4EC7-A63F-78A8CA670396}.Release|Any CPU.ActiveCfg = Release|Any CPU
		{17D3A08C-3BE7-4EC7-A63F-78A8CA670396}.Release|Any CPU.Build.0 = Release|Any CPU
		{A7C43A61-133D-40E5-8CEA-884E22E175F6}.Debug|Any CPU.ActiveCfg = Debug|Any CPU
		{A7C43A61-133D-40E5-8CEA-884E22E175F6}.Debug|Any CPU.Build.0 = Debug|Any CPU
		{A7C43A61-133D-40E5-8CEA-884E22E175F6}.Release|Any CPU.ActiveCfg = Release|Any CPU
		{A7C43A61-133D-40E5-8CEA-884E22E175F6}.Release|Any CPU.Build.0 = Release|Any CPU
		{4C6322E8-0896-40B4-9E8F-4F110671FADA}.Debug|Any CPU.ActiveCfg = Debug|Any CPU
		{4C6322E8-0896-40B4-9E8F-4F110671FADA}.Debug|Any CPU.Build.0 = Debug|Any CPU
		{4C6322E8-0896-40B4-9E8F-4F110671FADA}.Release|Any CPU.ActiveCfg = Release|Any CPU
		{4C6322E8-0896-40B4-9E8F-4F110671FADA}.Release|Any CPU.Build.0 = Release|Any CPU
	EndGlobalSection
	GlobalSection(SolutionProperties) = preSolution
		HideSolutionNode = FALSE
	EndGlobalSection
	GlobalSection(ExtensibilityGlobals) = postSolution
		SolutionGuid = {57E0F174-85B0-4278-B3B5-AF3042FF078D}
	EndGlobalSection
EndGlobal
