
Microsoft Visual Studio Solution File, Format Version 12.00
# Visual Studio Version 17
VisualStudioVersion = 17.13.35919.96 d17.13
MinimumVisualStudioVersion = 10.0.40219.1
Project("{54A90642-561A-4BB1-A94E-469ADEE60C69}") = "srm.client", "srm.client\srm.client.esproj", "{0759C3B9-2457-E93A-C00C-708CBA943016}"
EndProject
Project("{FAE04EC0-301F-11D3-BF4B-00C04F79EFBC}") = "SRM.Server", "SRM.Server\SRM.Server.csproj", "{6D85AF88-3201-46F3-B5D0-65864715829D}"
EndProject
Project("{FAE04EC0-301F-11D3-BF4B-00C04F79EFBC}") = "SRM.Utils", "SRM.Utils\SRM.Utils.csproj", "{B2BCCE84-1CE8-A198-9B19-EAAB7CE87C12}"
EndProject
Project("{FAE04EC0-301F-11D3-BF4B-00C04F79EFBC}") = "SRM.Domain", "SRM.Domain\SRM.Domain.csproj", "{E75BF649-FBFA-D704-9812-9B4BB2E3720B}"
EndProject
Project("{FAE04EC0-301F-11D3-BF4B-00C04F79EFBC}") = "SRM.Data", "SRM.Data\SRM.Data.csproj", "{A61D9424-2651-799D-7555-61B77531F538}"
EndProject
Project("{FAE04EC0-301F-11D3-BF4B-00C04F79EFBC}") = "SRM.Business", "SRM.Business\SRM.Business.csproj", "{BBF19E4A-5C00-9F20-E3CE-0B68820111CC}"
EndProject
Global
	GlobalSection(SolutionConfigurationPlatforms) = preSolution
		Debug|Any CPU = Debug|Any CPU
		Release|Any CPU = Release|Any CPU
	EndGlobalSection
	GlobalSection(ProjectConfigurationPlatforms) = postSolution
		{0759C3B9-2457-E93A-C00C-708CBA943016}.Debug|Any CPU.ActiveCfg = Debug|Any CPU
		{0759C3B9-2457-E93A-C00C-708CBA943016}.Debug|Any CPU.Build.0 = Debug|Any CPU
		{0759C3B9-2457-E93A-C00C-708CBA943016}.Debug|Any CPU.Deploy.0 = Debug|Any CPU
		{0759C3B9-2457-E93A-C00C-708CBA943016}.Release|Any CPU.ActiveCfg = Release|Any CPU
		{0759C3B9-2457-E93A-C00C-708CBA943016}.Release|Any CPU.Build.0 = Release|Any CPU
		{0759C3B9-2457-E93A-C00C-708CBA943016}.Release|Any CPU.Deploy.0 = Release|Any CPU
		{6D85AF88-3201-46F3-B5D0-65864715829D}.Debug|Any CPU.ActiveCfg = Debug|Any CPU
		{6D85AF88-3201-46F3-B5D0-65864715829D}.Debug|Any CPU.Build.0 = Debug|Any CPU
		{6D85AF88-3201-46F3-B5D0-65864715829D}.Release|Any CPU.ActiveCfg = Release|Any CPU
		{6D85AF88-3201-46F3-B5D0-65864715829D}.Release|Any CPU.Build.0 = Release|Any CPU
		{B2BCCE84-1CE8-A198-9B19-EAAB7CE87C12}.Debug|Any CPU.ActiveCfg = Debug|Any CPU
		{B2BCCE84-1CE8-A198-9B19-EAAB7CE87C12}.Debug|Any CPU.Build.0 = Debug|Any CPU
		{B2BCCE84-1CE8-A198-9B19-EAAB7CE87C12}.Release|Any CPU.ActiveCfg = Release|Any CPU
		{B2BCCE84-1CE8-A198-9B19-EAAB7CE87C12}.Release|Any CPU.Build.0 = Release|Any CPU
		{E75BF649-FBFA-D704-9812-9B4BB2E3720B}.Debug|Any CPU.ActiveCfg = Debug|Any CPU
		{E75BF649-FBFA-D704-9812-9B4BB2E3720B}.Debug|Any CPU.Build.0 = Debug|Any CPU
		{E75BF649-FBFA-D704-9812-9B4BB2E3720B}.Release|Any CPU.ActiveCfg = Release|Any CPU
		{E75BF649-FBFA-D704-9812-9B4BB2E3720B}.Release|Any CPU.Build.0 = Release|Any CPU
		{A61D9424-2651-799D-7555-61B77531F538}.Debug|Any CPU.ActiveCfg = Debug|Any CPU
		{A61D9424-2651-799D-7555-61B77531F538}.Debug|Any CPU.Build.0 = Debug|Any CPU
		{A61D9424-2651-799D-7555-61B77531F538}.Release|Any CPU.ActiveCfg = Release|Any CPU
		{A61D9424-2651-799D-7555-61B77531F538}.Release|Any CPU.Build.0 = Release|Any CPU
		{BBF19E4A-5C00-9F20-E3CE-0B68820111CC}.Debug|Any CPU.ActiveCfg = Debug|Any CPU
		{BBF19E4A-5C00-9F20-E3CE-0B68820111CC}.Debug|Any CPU.Build.0 = Debug|Any CPU
		{BBF19E4A-5C00-9F20-E3CE-0B68820111CC}.Release|Any CPU.ActiveCfg = Release|Any CPU
		{BBF19E4A-5C00-9F20-E3CE-0B68820111CC}.Release|Any CPU.Build.0 = Release|Any CPU
	EndGlobalSection
	GlobalSection(SolutionProperties) = preSolution
		HideSolutionNode = FALSE
	EndGlobalSection
	GlobalSection(ExtensibilityGlobals) = postSolution
		SolutionGuid = {0F654637-1C7C-4D0F-9A9D-ECAD7FE6A6A2}
	EndGlobalSection
EndGlobal
